
Microsoft Visual Studio Solution File, Format Version 12.00
# Visual Studio 15
VisualStudioVersion = 15.0.28307.106
MinimumVisualStudioVersion = 10.0.40219.1
Project("{FAE04EC0-301F-11D3-BF4B-00C04F79EFBC}") = "raytracer", "raytracer\raytracer.csproj", "{DCB7C394-BE39-4195-8B74-9BF947DFEE9A}"
EndProject
Global
	GlobalSection(SolutionConfigurationPlatforms) = preSolution
		Debug|Any CPU = Debug|Any CPU
		Release|Any CPU = Release|Any CPU
	EndGlobalSection
	GlobalSection(ProjectConfigurationPlatforms) = postSolution
		{DCB7C394-BE39-4195-8B74-9BF947DFEE9A}.Debug|Any CPU.ActiveCfg = Debug|Any CPU
		{DCB7C394-BE39-4195-8B74-9BF947DFEE9A}.Debug|Any CPU.Build.0 = Debug|Any CPU
		{DCB7C394-BE39-4195-8B74-9BF947DFEE9A}.Release|Any CPU.ActiveCfg = Release|Any CPU
		{DCB7C394-BE39-4195-8B74-9BF947DFEE9A}.Release|Any CPU.Build.0 = Release|Any CPU
	EndGlobalSection
	GlobalSection(SolutionProperties) = preSolution
		HideSolutionNode = FALSE
	EndGlobalSection
	GlobalSection(ExtensibilityGlobals) = postSolution
		SolutionGuid = {66B57214-B070-4C40-A509-51C784225406}
	EndGlobalSection
EndGlobal
